
Microsoft Visual Studio Solution File, Format Version 12.00
# Visual Studio Version 17
VisualStudioVersion = 17.3.32825.248
MinimumVisualStudioVersion = 10.0.40219.1
Project("{FAE04EC0-301F-11D3-BF4B-00C04F79EFBC}") = "Laba_4_v2", "Laba_4_v2\Laba_4_v2.csproj", "{1A7351E7-FEB9-4759-9600-26E1FC219297}"
EndProject
Global
	GlobalSection(SolutionConfigurationPlatforms) = preSolution
		Debug|Any CPU = Debug|Any CPU
		Release|Any CPU = Release|Any CPU
	EndGlobalSection
	GlobalSection(ProjectConfigurationPlatforms) = postSolution
		{1A7351E7-FEB9-4759-9600-26E1FC219297}.Debug|Any CPU.ActiveCfg = Debug|Any CPU
		{1A7351E7-FEB9-4759-9600-26E1FC219297}.Debug|Any CPU.Build.0 = Debug|Any CPU
		{1A7351E7-FEB9-4759-9600-26E1FC219297}.Release|Any CPU.ActiveCfg = Release|Any CPU
		{1A7351E7-FEB9-4759-9600-26E1FC219297}.Release|Any CPU.Build.0 = Release|Any CPU
	EndGlobalSection
	GlobalSection(SolutionProperties) = preSolution
		HideSolutionNode = FALSE
	EndGlobalSection
	GlobalSection(ExtensibilityGlobals) = postSolution
		SolutionGuid = {382A0BA2-D2AD-40CB-AC6D-A7E311513A01}
	EndGlobalSection
EndGlobal
